
Microsoft Visual Studio Solution File, Format Version 12.00
# Visual Studio 14
VisualStudioVersion = 14.0.25420.1
MinimumVisualStudioVersion = 10.0.40219.1
Project("{FAE04EC0-301F-11D3-BF4B-00C04F79EFBC}") = "ContosoWebApp", "ContosoWebApp\ContosoWebApp.csproj", "{05BA4152-977D-489F-ADD8-A450E6772B64}"
EndProject
Project("{FAE04EC0-301F-11D3-BF4B-00C04F79EFBC}") = "Contoso.Data", "Contoso.Data\Contoso.Data.csproj", "{17FA6E96-155F-4C20-BB47-6DA32159A446}"
EndProject
Project("{FAE04EC0-301F-11D3-BF4B-00C04F79EFBC}") = "Contoso.Model", "Contoso.Model\Contoso.Model.csproj", "{879A5C78-BF81-4634-8DDD-7551422539A1}"
EndProject
Project("{FAE04EC0-301F-11D3-BF4B-00C04F79EFBC}") = "Contoso.Service", "Contoso.Service\Contoso.Service.csproj", "{4028FC00-EDF4-45C5-8B27-19C48B78EE5A}"
EndProject
Project("{FAE04EC0-301F-11D3-BF4B-00C04F79EFBC}") = "Contoso.Utility", "Contoso.Utility\Contoso.Utility.csproj", "{1C8B1E2A-2528-48FC-BA90-C793CF6DDE3B}"
EndProject
Global
	GlobalSection(SolutionConfigurationPlatforms) = preSolution
		Debug|Any CPU = Debug|Any CPU
		Release|Any CPU = Release|Any CPU
	EndGlobalSection
	GlobalSection(ProjectConfigurationPlatforms) = postSolution
		{05BA4152-977D-489F-ADD8-A450E6772B64}.Debug|Any CPU.ActiveCfg = Debug|Any CPU
		{05BA4152-977D-489F-ADD8-A450E6772B64}.Debug|Any CPU.Build.0 = Debug|Any CPU
		{05BA4152-977D-489F-ADD8-A450E6772B64}.Release|Any CPU.ActiveCfg = Release|Any CPU
		{05BA4152-977D-489F-ADD8-A450E6772B64}.Release|Any CPU.Build.0 = Release|Any CPU
		{17FA6E96-155F-4C20-BB47-6DA32159A446}.Debug|Any CPU.ActiveCfg = Debug|Any CPU
		{17FA6E96-155F-4C20-BB47-6DA32159A446}.Debug|Any CPU.Build.0 = Debug|Any CPU
		{17FA6E96-155F-4C20-BB47-6DA32159A446}.Release|Any CPU.ActiveCfg = Release|Any CPU
		{17FA6E96-155F-4C20-BB47-6DA32159A446}.Release|Any CPU.Build.0 = Release|Any CPU
		{879A5C78-BF81-4634-8DDD-7551422539A1}.Debug|Any CPU.ActiveCfg = Debug|Any CPU
		{879A5C78-BF81-4634-8DDD-7551422539A1}.Debug|Any CPU.Build.0 = Debug|Any CPU
		{879A5C78-BF81-4634-8DDD-7551422539A1}.Release|Any CPU.ActiveCfg = Release|Any CPU
		{879A5C78-BF81-4634-8DDD-7551422539A1}.Release|Any CPU.Build.0 = Release|Any CPU
		{4028FC00-EDF4-45C5-8B27-19C48B78EE5A}.Debug|Any CPU.ActiveCfg = Debug|Any CPU
		{4028FC00-EDF4-45C5-8B27-19C48B78EE5A}.Debug|Any CPU.Build.0 = Debug|Any CPU
		{4028FC00-EDF4-45C5-8B27-19C48B78EE5A}.Release|Any CPU.ActiveCfg = Release|Any CPU
		{4028FC00-EDF4-45C5-8B27-19C48B78EE5A}.Release|Any CPU.Build.0 = Release|Any CPU
		{1C8B1E2A-2528-48FC-BA90-C793CF6DDE3B}.Debug|Any CPU.ActiveCfg = Debug|Any CPU
		{1C8B1E2A-2528-48FC-BA90-C793CF6DDE3B}.Debug|Any CPU.Build.0 = Debug|Any CPU
		{1C8B1E2A-2528-48FC-BA90-C793CF6DDE3B}.Release|Any CPU.ActiveCfg = Release|Any CPU
		{1C8B1E2A-2528-48FC-BA90-C793CF6DDE3B}.Release|Any CPU.Build.0 = Release|Any CPU
	EndGlobalSection
	GlobalSection(SolutionProperties) = preSolution
		HideSolutionNode = FALSE
	EndGlobalSection
EndGlobal
